// !$*UTF8*$!
{
	archiveVersion = 1;
	classes = {
	};
	objectVersion = 46;
	objects = {

/* Begin PBXBuildFile section */
		480C9AA61AE14C920059DD0D /* main.m in Sources */ = {isa = PBXBuildFile; fileRef = 480C9AA51AE14C920059DD0D /* main.m */; };
		480C9AA91AE14C920059DD0D /* AppDelegate.m in Sources */ = {isa = PBXBuildFile; fileRef = 480C9AA81AE14C920059DD0D /* AppDelegate.m */; };
		480C9AAC1AE14C920059DD0D /* ViewController.m in Sources */ = {isa = PBXBuildFile; fileRef = 480C9AAB1AE14C920059DD0D /* ViewController.m */; };
		480C9AAF1AE14C920059DD0D /* Main.storyboard in Resources */ = {isa = PBXBuildFile; fileRef = 480C9AAD1AE14C920059DD0D /* Main.storyboard */; };
		480C9AB11AE14C920059DD0D /* Images.xcassets in Resources */ = {isa = PBXBuildFile; fileRef = 480C9AB01AE14C920059DD0D /* Images.xcassets */; };
		480C9AB41AE14C920059DD0D /* LaunchScreen.xib in Resources */ = {isa = PBXBuildFile; fileRef = 480C9AB21AE14C920059DD0D /* LaunchScreen.xib */; };
		480C9ACE1AE14EC90059DD0D /* MySwiftViewController.swift in Sources */ = {isa = PBXBuildFile; fileRef = 480C9ACC1AE14EC90059DD0D /* MySwiftViewController.swift */; };
		480C9ACF1AE14EC90059DD0D /* MySwiftViewController.xib in Resources */ = {isa = PBXBuildFile; fileRef = 480C9ACD1AE14EC90059DD0D /* MySwiftViewController.xib */; };
/* End PBXBuildFile section */

/* Begin PBXFileReference section */
		480C9AA01AE14C920059DD0D /* ObjectiveCApp.app */ = {isa = PBXFileReference; explicitFileType = wrapper.application; includeInIndex = 0; path = ObjectiveCApp.app; sourceTree = BUILT_PRODUCTS_DIR; };
		480C9AA41AE14C920059DD0D /* Info.plist */ = {isa = PBXFileReference; lastKnownFileType = text.plist.xml; path = Info.plist; sourceTree = "<group>"; };
		480C9AA51AE14C920059DD0D /* main.m */ = {isa = PBXFileReference; lastKnownFileType = sourcecode.c.objc; path = main.m; sourceTree = "<group>"; };
		480C9AA71AE14C920059DD0D /* AppDelegate.h */ = {isa = PBXFileReference; lastKnownFileType = sourcecode.c.h; path = AppDelegate.h; sourceTree = "<group>"; };
		480C9AA81AE14C920059DD0D /* AppDelegate.m */ = {isa = PBXFileReference; lastKnownFileType = sourcecode.c.objc; path = AppDelegate.m; sourceTree = "<group>"; };
		480C9AAA1AE14C920059DD0D /* ViewController.h */ = {isa = PBXFileReference; lastKnownFileType = sourcecode.c.h; path = ViewController.h; sourceTree = "<group>"; };
		480C9AAB1AE14C920059DD0D /* ViewController.m */ = {isa = PBXFileReference; lastKnownFileType = sourcecode.c.objc; path = ViewController.m; sourceTree = "<group>"; };
		480C9AAE1AE14C920059DD0D /* Base */ = {isa = PBXFileReference; lastKnownFileType = file.storyboard; name = Base; path = Base.lproj/Main.storyboard; sourceTree = "<group>"; };
		480C9AB01AE14C920059DD0D /* Images.xcassets */ = {isa = PBXFileReference; lastKnownFileType = folder.assetcatalog; path = Images.xcassets; sourceTree = "<group>"; };
		480C9AB31AE14C920059DD0D /* Base */ = {isa = PBXFileReference; lastKnownFileType = file.xib; name = Base; path = Base.lproj/LaunchScreen.xib; sourceTree = "<group>"; };
		480C9AC91AE14CB10059DD0D /* ObjectiveCApp-Bridging-Header.h */ = {isa = PBXFileReference; lastKnownFileType = sourcecode.c.h; path = "ObjectiveCApp-Bridging-Header.h"; sourceTree = "<group>"; };
		480C9ACC1AE14EC90059DD0D /* MySwiftViewController.swift */ = {isa = PBXFileReference; fileEncoding = 4; lastKnownFileType = sourcecode.swift; path = MySwiftViewController.swift; sourceTree = "<group>"; };
		480C9ACD1AE14EC90059DD0D /* MySwiftViewController.xib */ = {isa = PBXFileReference; fileEncoding = 4; lastKnownFileType = file.xib; path = MySwiftViewController.xib; sourceTree = "<group>"; };
/* End PBXFileReference section */

/* Begin PBXFrameworksBuildPhase section */
		480C9A9D1AE14C920059DD0D /* Frameworks */ = {
			isa = PBXFrameworksBuildPhase;
			buildActionMask = 2147483647;
			files = (
			);
			runOnlyForDeploymentPostprocessing = 0;
		};
/* End PBXFrameworksBuildPhase section */

/* Begin PBXGroup section */
		480C9A971AE14C920059DD0D = {
			isa = PBXGroup;
			children = (
				480C9AA21AE14C920059DD0D /* ObjectiveCApp */,
				480C9AA11AE14C920059DD0D /* Products */,
			);
			sourceTree = "<group>";
		};
		480C9AA11AE14C920059DD0D /* Products */ = {
			isa = PBXGroup;
			children = (
				480C9AA01AE14C920059DD0D /* ObjectiveCApp.app */,
			);
			name = Products;
			sourceTree = "<group>";
		};
		480C9AA21AE14C920059DD0D /* ObjectiveCApp */ = {
			isa = PBXGroup;
			children = (
				480C9AA71AE14C920059DD0D /* AppDelegate.h */,
				480C9AA81AE14C920059DD0D /* AppDelegate.m */,
				480C9AAA1AE14C920059DD0D /* ViewController.h */,
				480C9AAB1AE14C920059DD0D /* ViewController.m */,
				480C9AAD1AE14C920059DD0D /* Main.storyboard */,
				480C9AB01AE14C920059DD0D /* Images.xcassets */,
				480C9AB21AE14C920059DD0D /* LaunchScreen.xib */,
				480C9AA31AE14C920059DD0D /* Supporting Files */,
				480C9AC91AE14CB10059DD0D /* ObjectiveCApp-Bridging-Header.h */,
				480C9ACC1AE14EC90059DD0D /* MySwiftViewController.swift */,
				480C9ACD1AE14EC90059DD0D /* MySwiftViewController.xib */,
			);
			path = ObjectiveCApp;
			sourceTree = "<group>";
		};
		480C9AA31AE14C920059DD0D /* Supporting Files */ = {
			isa = PBXGroup;
			children = (
				480C9AA41AE14C920059DD0D /* Info.plist */,
				480C9AA51AE14C920059DD0D /* main.m */,
			);
			name = "Supporting Files";
			sourceTree = "<group>";
		};
/* End PBXGroup section */

/* Begin PBXNativeTarget section */
		480C9A9F1AE14C920059DD0D /* ObjectiveCApp */ = {
			isa = PBXNativeTarget;
			buildConfigurationList = 480C9AC31AE14C920059DD0D /* Build configuration list for PBXNativeTarget "ObjectiveCApp" */;
			buildPhases = (
				480C9A9C1AE14C920059DD0D /* Sources */,
				480C9A9D1AE14C920059DD0D /* Frameworks */,
				480C9A9E1AE14C920059DD0D /* Resources */,
			);
			buildRules = (
			);
			dependencies = (
			);
			name = ObjectiveCApp;
			productName = ObjectiveCApp;
			productReference = 480C9AA01AE14C920059DD0D /* ObjectiveCApp.app */;
			productType = "com.apple.product-type.application";
		};
/* End PBXNativeTarget section */

/* Begin PBXProject section */
		480C9A981AE14C920059DD0D /* Project object */ = {
			isa = PBXProject;
			attributes = {
				LastUpgradeCheck = 0630;
				ORGANIZATIONNAME = "Mumbo Apps Ltd";
				TargetAttributes = {
					480C9A9F1AE14C920059DD0D = {
						CreatedOnToolsVersion = 6.3;
					};
				};
			};
			buildConfigurationList = 480C9A9B1AE14C920059DD0D /* Build configuration list for PBXProject "ObjectiveCApp" */;
			compatibilityVersion = "Xcode 3.2";
			developmentRegion = English;
			hasScannedForEncodings = 0;
			knownRegions = (
				en,
				Base,
			);
			mainGroup = 480C9A971AE14C920059DD0D;
			productRefGroup = 480C9AA11AE14C920059DD0D /* Products */;
			projectDirPath = "";
			projectRoot = "";
			targets = (
				480C9A9F1AE14C920059DD0D /* ObjectiveCApp */,
			);
		};
/* End PBXProject section */

/* Begin PBXResourcesBuildPhase section */
		480C9A9E1AE14C920059DD0D /* Resources */ = {
			isa = PBXResourcesBuildPhase;
			buildActionMask = 2147483647;
			files = (
				480C9ACF1AE14EC90059DD0D /* MySwiftViewController.xib in Resources */,
				480C9AAF1AE14C920059DD0D /* Main.storyboard in Resources */,
				480C9AB41AE14C920059DD0D /* LaunchScreen.xib in Resources */,
				480C9AB11AE14C920059DD0D /* Images.xcassets in Resources */,
			);
			runOnlyForDeploymentPostprocessing = 0;
		};
/* End PBXResourcesBuildPhase section */

/* Begin PBXSourcesBuildPhase section */
		480C9A9C1AE14C920059DD0D /* Sources */ = {
			isa = PBXSourcesBuildPhase;
			buildActionMask = 2147483647;
			files = (
				480C9ACE1AE14EC90059DD0D /* MySwiftViewController.swift in Sources */,
				480C9AAC1AE14C920059DD0D /* ViewController.m in Sources */,
				480C9AA91AE14C920059DD0D /* AppDelegate.m in Sources */,
				480C9AA61AE14C920059DD0D /* main.m in Sources */,
			);
			runOnlyForDeploymentPostprocessing = 0;
		};
/* End PBXSourcesBuildPhase section */

/* Begin PBXVariantGroup section */
		480C9AAD1AE14C920059DD0D /* Main.storyboard */ = {
			isa = PBXVariantGroup;
			children = (
				480C9AAE1AE14C920059DD0D /* Base */,
			);
			name = Main.storyboard;
			sourceTree = "<group>";
		};
		480C9AB21AE14C920059DD0D /* LaunchScreen.xib */ = {
			isa = PBXVariantGroup;
			children = (
				480C9AB31AE14C920059DD0D /* Base */,
			);
			name = LaunchScreen.xib;
			sourceTree = "<group>";
		};
/* End PBXVariantGroup section */

/* Begin XCBuildConfiguration section */
		480C9AC11AE14C920059DD0D /* Debug */ = {
			isa = XCBuildConfiguration;
			buildSettings = {
				ALWAYS_SEARCH_USER_PATHS = NO;
				CLANG_CXX_LANGUAGE_STANDARD = "gnu++0x";
				CLANG_CXX_LIBRARY = "libc++";
				CLANG_ENABLE_MODULES = YES;
				CLANG_ENABLE_OBJC_ARC = YES;
				CLANG_WARN_BOOL_CONVERSION = YES;
				CLANG_WARN_CONSTANT_CONVERSION = YES;
				CLANG_WARN_DIRECT_OBJC_ISA_USAGE = YES_ERROR;
				CLANG_WARN_EMPTY_BODY = YES;
				CLANG_WARN_ENUM_CONVERSION = YES;
				CLANG_WARN_INT_CONVERSION = YES;
				CLANG_WARN_OBJC_ROOT_CLASS = YES_ERROR;
				CLANG_WARN_UNREACHABLE_CODE = YES;
				CLANG_WARN__DUPLICATE_METHOD_MATCH = YES;
				"CODE_SIGN_IDENTITY[sdk=iphoneos*]" = "iPhone Developer";
				COPY_PHASE_STRIP = NO;
				DEBUG_INFORMATION_FORMAT = "dwarf-with-dsym";
				ENABLE_STRICT_OBJC_MSGSEND = YES;
				GCC_C_LANGUAGE_STANDARD = gnu99;
				GCC_DYNAMIC_NO_PIC = NO;
				GCC_NO_COMMON_BLOCKS = YES;
				GCC_OPTIMIZATION_LEVEL = 0;
				GCC_PREPROCESSOR_DEFINITIONS = (
					"DEBUG=1",
					"$(inherited)",
				);
				GCC_SYMBOLS_PRIVATE_EXTERN = NO;
				GCC_WARN_64_TO_32_BIT_CONVERSION = YES;
				GCC_WARN_ABOUT_RETURN_TYPE = YES_ERROR;
				GCC_WARN_UNDECLARED_SELECTOR = YES;
				GCC_WARN_UNINITIALIZED_AUTOS = YES_AGGRESSIVE;
				GCC_WARN_UNUSED_FUNCTION = YES;
				GCC_WARN_UNUSED_VARIABLE = YES;
				IPHONEOS_DEPLOYMENT_TARGET = 8.3;
				MTL_ENABLE_DEBUG_INFO = YES;
				ONLY_ACTIVE_ARCH = YES;
				SDKROOT = iphoneos;
				TARGETED_DEVICE_FAMILY = "1,2";
			};
			name = Debug;
		};
		480C9AC21AE14C920059DD0D /* Release */ = {
			isa = XCBuildConfiguration;
			buildSettings = {
				ALWAYS_SEARCH_USER_PATHS = NO;
				CLANG_CXX_LANGUAGE_STANDARD = "gnu++0x";
				CLANG_CXX_LIBRARY = "libc++";
				CLANG_ENABLE_MODULES = YES;
				CLANG_ENABLE_OBJC_ARC = YES;
				CLANG_WARN_BOOL_CONVERSION = YES;
				CLANG_WARN_CONSTANT_CONVERSION = YES;
				CLANG_WARN_DIRECT_OBJC_ISA_USAGE = YES_ERROR;
				CLANG_WARN_EMPTY_BODY = YES;
				CLANG_WARN_ENUM_CONVERSION = YES;
				CLANG_WARN_INT_CONVERSION = YES;
				CLANG_WARN_OBJC_ROOT_CLASS = YES_ERROR;
				CLANG_WARN_UNREACHABLE_CODE = YES;
				CLANG_WARN__DUPLICATE_METHOD_MATCH = YES;
				"CODE_SIGN_IDENTITY[sdk=iphoneos*]" = "iPhone Developer";
				COPY_PHASE_STRIP = NO;
				DEBUG_INFORMATION_FORMAT = "dwarf-with-dsym";
				ENABLE_NS_ASSERTIONS = NO;
				ENABLE_STRICT_OBJC_MSGSEND = YES;
				GCC_C_LANGUAGE_STANDARD = gnu99;
				GCC_NO_COMMON_BLOCKS = YES;
				GCC_WARN_64_TO_32_BIT_CONVERSION = YES;
				GCC_WARN_ABOUT_RETURN_TYPE = YES_ERROR;
				GCC_WARN_UNDECLARED_SELECTOR = YES;
				GCC_WARN_UNINITIALIZED_AUTOS = YES_AGGRESSIVE;
				GCC_WARN_UNUSED_FUNCTION = YES;
				GCC_WARN_UNUSED_VARIABLE = YES;
				IPHONEOS_DEPLOYMENT_TARGET = 8.3;
				MTL_ENABLE_DEBUG_INFO = NO;
				SDKROOT = iphoneos;
				TARGETED_DEVICE_FAMILY = "1,2";
				VALIDATE_PRODUCT = YES;
			};
			name = Release;
		};
		480C9AC41AE14C920059DD0D /* Debug */ = {
			isa = XCBuildConfiguration;
			buildSettings = {
				ASSETCATALOG_COMPILER_APPICON_NAME = AppIcon;
				CLANG_ENABLE_MODULES = YES;
				INFOPLIST_FILE = ObjectiveCApp/Info.plist;
				LD_RUNPATH_SEARCH_PATHS = "$(inherited) @executable_path/Frameworks";
				PRODUCT_NAME = "$(TARGET_NAME)";
				SWIFT_OBJC_BRIDGING_HEADER = "ObjectiveCApp/ObjectiveCApp-Bridging-Header.h";
				SWIFT_OPTIMIZATION_LEVEL = "-Onone";
			};
			name = Debug;
		};
		480C9AC51AE14C920059DD0D /* Release */ = {
			isa = XCBuildConfiguration;
			buildSettings = {
				ASSETCATALOG_COMPILER_APPICON_NAME = AppIcon;
				CLANG_ENABLE_MODULES = YES;
				INFOPLIST_FILE = ObjectiveCApp/Info.plist;
				LD_RUNPATH_SEARCH_PATHS = "$(inherited) @executable_path/Frameworks";
				PRODUCT_NAME = "$(TARGET_NAME)";
				SWIFT_OBJC_BRIDGING_HEADER = "ObjectiveCApp/ObjectiveCApp-Bridging-Header.h";
			};
			name = Release;
		};
/* End XCBuildConfiguration section */

/* Begin XCConfigurationList section */
		480C9A9B1AE14C920059DD0D /* Build configuration list for PBXProject "ObjectiveCApp" */ = {
			isa = XCConfigurationList;
			buildConfigurations = (
				480C9AC11AE14C920059DD0D /* Debug */,
				480C9AC21AE14C920059DD0D /* Release */,
			);
			defaultConfigurationIsVisible = 0;
			defaultConfigurationName = Release;
		};
		480C9AC31AE14C920059DD0D /* Build configuration list for PBXNativeTarget "ObjectiveCApp" */ = {
			isa = XCConfigurationList;
			buildConfigurations = (
				480C9AC41AE14C920059DD0D /* Debug */,
				480C9AC51AE14C920059DD0D /* Release */,
			);
			defaultConfigurationIsVisible = 0;
		};
/* End XCConfigurationList section */
	};
	rootObject = 480C9A981AE14C920059DD0D /* Project object */;
}
